
Microsoft Visual Studio Solution File, Format Version 12.00
# Visual Studio Version 17
VisualStudioVersion = 17.8.34525.116
MinimumVisualStudioVersion = 10.0.40219.1
Project("{9A19103F-16F7-4668-BE54-9A1E7A4F7556}") = "MannhattanDistanceKata", "MannhattanDistanceKata\MannhattanDistanceKata.csproj", "{4E15D06F-8065-474F-A8BE-1352264930BA}"
EndProject
Project("{9A19103F-16F7-4668-BE54-9A1E7A4F7556}") = "SumOfDigitsKata", "SumOfDigitsKata\SumOfDigitsKata.csproj", "{3DC0A69B-5E42-4CE4-8119-2C4D6E7609DD}"
EndProject
Project("{9A19103F-16F7-4668-BE54-9A1E7A4F7556}") = "ClockInMirror", "ClockInMirror\ClockInMirror.csproj", "{BECDFD8B-DB05-4CE4-8763-4F766406160D}"
EndProject
Project("{9A19103F-16F7-4668-BE54-9A1E7A4F7556}") = "MultiplesOf3or5", "MultiplesOf3or5\MultiplesOf3or5.csproj", "{8609755C-6862-46B7-93FD-772F707A958E}"
EndProject
Project("{9A19103F-16F7-4668-BE54-9A1E7A4F7556}") = "LeapYearsKata", "LeapYearsKata\LeapYearsKata.csproj", "{7E2B6FBB-811E-4953-BF48-8EEBE3968F34}"
EndProject
Project("{9A19103F-16F7-4668-BE54-9A1E7A4F7556}") = "LINQKata", "LINQ_Kata\LINQKata.csproj", "{E9E9C425-8267-43A0-BE34-36A37D22E9EE}"
EndProject
Project("{9A19103F-16F7-4668-BE54-9A1E7A4F7556}") = "FizzBuzz", "FizzBuzz\FizzBuzz.csproj", "{C15FC70C-7400-4C34-A8AF-FB752DE12411}"
EndProject
Project("{FAE04EC0-301F-11D3-BF4B-00C04F79EFBC}") = "Banking_Kata", "Banking_Kata\Banking_Kata.csproj", "{89D5384A-D933-4C8F-A24A-CF44FE632BCD}"
EndProject
Global
	GlobalSection(SolutionConfigurationPlatforms) = preSolution
		Debug|Any CPU = Debug|Any CPU
		Release|Any CPU = Release|Any CPU
	EndGlobalSection
	GlobalSection(ProjectConfigurationPlatforms) = postSolution
		{4E15D06F-8065-474F-A8BE-1352264930BA}.Debug|Any CPU.ActiveCfg = Debug|Any CPU
		{4E15D06F-8065-474F-A8BE-1352264930BA}.Debug|Any CPU.Build.0 = Debug|Any CPU
		{4E15D06F-8065-474F-A8BE-1352264930BA}.Release|Any CPU.ActiveCfg = Release|Any CPU
		{4E15D06F-8065-474F-A8BE-1352264930BA}.Release|Any CPU.Build.0 = Release|Any CPU
		{3DC0A69B-5E42-4CE4-8119-2C4D6E7609DD}.Debug|Any CPU.ActiveCfg = Debug|Any CPU
		{3DC0A69B-5E42-4CE4-8119-2C4D6E7609DD}.Debug|Any CPU.Build.0 = Debug|Any CPU
		{3DC0A69B-5E42-4CE4-8119-2C4D6E7609DD}.Release|Any CPU.ActiveCfg = Release|Any CPU
		{3DC0A69B-5E42-4CE4-8119-2C4D6E7609DD}.Release|Any CPU.Build.0 = Release|Any CPU
		{BECDFD8B-DB05-4CE4-8763-4F766406160D}.Debug|Any CPU.ActiveCfg = Debug|Any CPU
		{BECDFD8B-DB05-4CE4-8763-4F766406160D}.Debug|Any CPU.Build.0 = Debug|Any CPU
		{BECDFD8B-DB05-4CE4-8763-4F766406160D}.Release|Any CPU.ActiveCfg = Release|Any CPU
		{BECDFD8B-DB05-4CE4-8763-4F766406160D}.Release|Any CPU.Build.0 = Release|Any CPU
		{8609755C-6862-46B7-93FD-772F707A958E}.Debug|Any CPU.ActiveCfg = Debug|Any CPU
		{8609755C-6862-46B7-93FD-772F707A958E}.Debug|Any CPU.Build.0 = Debug|Any CPU
		{8609755C-6862-46B7-93FD-772F707A958E}.Release|Any CPU.ActiveCfg = Release|Any CPU
		{8609755C-6862-46B7-93FD-772F707A958E}.Release|Any CPU.Build.0 = Release|Any CPU
		{7E2B6FBB-811E-4953-BF48-8EEBE3968F34}.Debug|Any CPU.ActiveCfg = Debug|Any CPU
		{7E2B6FBB-811E-4953-BF48-8EEBE3968F34}.Debug|Any CPU.Build.0 = Debug|Any CPU
		{7E2B6FBB-811E-4953-BF48-8EEBE3968F34}.Release|Any CPU.ActiveCfg = Release|Any CPU
		{7E2B6FBB-811E-4953-BF48-8EEBE3968F34}.Release|Any CPU.Build.0 = Release|Any CPU
		{E9E9C425-8267-43A0-BE34-36A37D22E9EE}.Debug|Any CPU.ActiveCfg = Debug|Any CPU
		{E9E9C425-8267-43A0-BE34-36A37D22E9EE}.Debug|Any CPU.Build.0 = Debug|Any CPU
		{E9E9C425-8267-43A0-BE34-36A37D22E9EE}.Release|Any CPU.ActiveCfg = Release|Any CPU
		{E9E9C425-8267-43A0-BE34-36A37D22E9EE}.Release|Any CPU.Build.0 = Release|Any CPU
		{C15FC70C-7400-4C34-A8AF-FB752DE12411}.Debug|Any CPU.ActiveCfg = Debug|Any CPU
		{C15FC70C-7400-4C34-A8AF-FB752DE12411}.Debug|Any CPU.Build.0 = Debug|Any CPU
		{C15FC70C-7400-4C34-A8AF-FB752DE12411}.Release|Any CPU.ActiveCfg = Release|Any CPU
		{C15FC70C-7400-4C34-A8AF-FB752DE12411}.Release|Any CPU.Build.0 = Release|Any CPU
		{89D5384A-D933-4C8F-A24A-CF44FE632BCD}.Debug|Any CPU.ActiveCfg = Debug|Any CPU
		{89D5384A-D933-4C8F-A24A-CF44FE632BCD}.Debug|Any CPU.Build.0 = Debug|Any CPU
		{89D5384A-D933-4C8F-A24A-CF44FE632BCD}.Release|Any CPU.ActiveCfg = Release|Any CPU
		{89D5384A-D933-4C8F-A24A-CF44FE632BCD}.Release|Any CPU.Build.0 = Release|Any CPU
	EndGlobalSection
	GlobalSection(SolutionProperties) = preSolution
		HideSolutionNode = FALSE
	EndGlobalSection
	GlobalSection(ExtensibilityGlobals) = postSolution
		SolutionGuid = {EFA6645D-BB84-4D55-A66D-55A25EDF5DAF}
	EndGlobalSection
EndGlobal
