
Microsoft Visual Studio Solution File, Format Version 12.00
# Visual Studio Version 17
VisualStudioVersion = 17.8.34525.116
MinimumVisualStudioVersion = 10.0.40219.1
Project("{FAE04EC0-301F-11D3-BF4B-00C04F79EFBC}") = "MannhattanDistanceKata", "MannhattanDistanceKata\MannhattanDistanceKata.csproj", "{4E15D06F-8065-474F-A8BE-1352264930BA}"
EndProject
Global
	GlobalSection(SolutionConfigurationPlatforms) = preSolution
		Debug|Any CPU = Debug|Any CPU
		Release|Any CPU = Release|Any CPU
	EndGlobalSection
	GlobalSection(ProjectConfigurationPlatforms) = postSolution
		{4E15D06F-8065-474F-A8BE-1352264930BA}.Debug|Any CPU.ActiveCfg = Debug|Any CPU
		{4E15D06F-8065-474F-A8BE-1352264930BA}.Debug|Any CPU.Build.0 = Debug|Any CPU
		{4E15D06F-8065-474F-A8BE-1352264930BA}.Release|Any CPU.ActiveCfg = Release|Any CPU
		{4E15D06F-8065-474F-A8BE-1352264930BA}.Release|Any CPU.Build.0 = Release|Any CPU
	EndGlobalSection
	GlobalSection(SolutionProperties) = preSolution
		HideSolutionNode = FALSE
	EndGlobalSection
	GlobalSection(ExtensibilityGlobals) = postSolution
		SolutionGuid = {EFA6645D-BB84-4D55-A66D-55A25EDF5DAF}
	EndGlobalSection
EndGlobal
